
Microsoft Visual Studio Solution File, Format Version 12.00
# Visual Studio Version 17
VisualStudioVersion = 17.1.32319.34
MinimumVisualStudioVersion = 10.0.40219.1
Project("{9A19103F-16F7-4668-BE54-9A1E7A4F7556}") = "ContextualizeDemo.App", "ContextualizeDemo.App\ContextualizeDemo.App.csproj", "{FC780E0F-9170-4DD4-B516-D64B8CF44630}"
EndProject
Project("{9A19103F-16F7-4668-BE54-9A1E7A4F7556}") = "ContextualizeDemo.Core", "ContextualizeDemo.Core\ContextualizeDemo.Core.csproj", "{8F5E9DBE-B137-4FED-A696-8A2E8865680E}"
EndProject
Project("{9A19103F-16F7-4668-BE54-9A1E7A4F7556}") = "ContextualizeDemo.Entities", "ContextualizeDemo.Entities\ContextualizeDemo.Entities.csproj", "{D14A94F9-0B76-4381-88CE-2FDD84E11008}"
EndProject
Global
	GlobalSection(SolutionConfigurationPlatforms) = preSolution
		Debug|Any CPU = Debug|Any CPU
		Release|Any CPU = Release|Any CPU
	EndGlobalSection
	GlobalSection(ProjectConfigurationPlatforms) = postSolution
		{FC780E0F-9170-4DD4-B516-D64B8CF44630}.Debug|Any CPU.ActiveCfg = Debug|Any CPU
		{FC780E0F-9170-4DD4-B516-D64B8CF44630}.Debug|Any CPU.Build.0 = Debug|Any CPU
		{FC780E0F-9170-4DD4-B516-D64B8CF44630}.Release|Any CPU.ActiveCfg = Release|Any CPU
		{FC780E0F-9170-4DD4-B516-D64B8CF44630}.Release|Any CPU.Build.0 = Release|Any CPU
		{8F5E9DBE-B137-4FED-A696-8A2E8865680E}.Debug|Any CPU.ActiveCfg = Debug|Any CPU
		{8F5E9DBE-B137-4FED-A696-8A2E8865680E}.Debug|Any CPU.Build.0 = Debug|Any CPU
		{8F5E9DBE-B137-4FED-A696-8A2E8865680E}.Release|Any CPU.ActiveCfg = Release|Any CPU
		{8F5E9DBE-B137-4FED-A696-8A2E8865680E}.Release|Any CPU.Build.0 = Release|Any CPU
		{D14A94F9-0B76-4381-88CE-2FDD84E11008}.Debug|Any CPU.ActiveCfg = Debug|Any CPU
		{D14A94F9-0B76-4381-88CE-2FDD84E11008}.Debug|Any CPU.Build.0 = Debug|Any CPU
		{D14A94F9-0B76-4381-88CE-2FDD84E11008}.Release|Any CPU.ActiveCfg = Release|Any CPU
		{D14A94F9-0B76-4381-88CE-2FDD84E11008}.Release|Any CPU.Build.0 = Release|Any CPU
	EndGlobalSection
	GlobalSection(SolutionProperties) = preSolution
		HideSolutionNode = FALSE
	EndGlobalSection
	GlobalSection(ExtensibilityGlobals) = postSolution
		SolutionGuid = {5B617D75-EA89-4C58-A4B2-EAA147E7CA79}
	EndGlobalSection
EndGlobal
